// !$*UTF8*$!
{
	archiveVersion = 1;
	classes = {
	};
	objectVersion = 51;
	objects = {

/* Begin PBXBuildFile section */
		19CDEF4255DEB9EA5F04C5E6 /* Pods_WainNakel_WainNakelUITests.framework in Frameworks */ = {isa = PBXBuildFile; fileRef = 2036D21F84E53931ACFC3953 /* Pods_WainNakel_WainNakelUITests.framework */; };
		690151661707D9537B93E3BD /* Pods_WainNakelTests.framework in Frameworks */ = {isa = PBXBuildFile; fileRef = 1A8C1202D44AA2845582968F /* Pods_WainNakelTests.framework */; };
		740EB986C5F4F693942591DC /* Pods_WainNakel.framework in Frameworks */ = {isa = PBXBuildFile; fileRef = D8BD184AB06B3EC7588BF716 /* Pods_WainNakel.framework */; };
		8530FF59242F809000FC4FBF /* UIView+Anchor.swift in Sources */ = {isa = PBXBuildFile; fileRef = 8530FF58242F808F00FC4FBF /* UIView+Anchor.swift */; };
		8530FF5B242F812100FC4FBF /* WainNakelSplashDependencyContainer.swift in Sources */ = {isa = PBXBuildFile; fileRef = 8530FF5A242F812100FC4FBF /* WainNakelSplashDependencyContainer.swift */; };
		85594EEB242BF439009A5141 /* AppDelegate.swift in Sources */ = {isa = PBXBuildFile; fileRef = 85594EEA242BF439009A5141 /* AppDelegate.swift */; };
		85594EED242BF439009A5141 /* SceneDelegate.swift in Sources */ = {isa = PBXBuildFile; fileRef = 85594EEC242BF439009A5141 /* SceneDelegate.swift */; };
		85594EF2242BF439009A5141 /* Main.storyboard in Resources */ = {isa = PBXBuildFile; fileRef = 85594EF0242BF439009A5141 /* Main.storyboard */; };
		85594EF4242BF43B009A5141 /* Assets.xcassets in Resources */ = {isa = PBXBuildFile; fileRef = 85594EF3242BF43B009A5141 /* Assets.xcassets */; };
		85594EF7242BF43B009A5141 /* LaunchScreen.storyboard in Resources */ = {isa = PBXBuildFile; fileRef = 85594EF5242BF43B009A5141 /* LaunchScreen.storyboard */; };
		85594F02242BF43B009A5141 /* WainNakelTests.swift in Sources */ = {isa = PBXBuildFile; fileRef = 85594F01242BF43B009A5141 /* WainNakelTests.swift */; };
		85594F0D242BF43B009A5141 /* WainNakelUITests.swift in Sources */ = {isa = PBXBuildFile; fileRef = 85594F0C242BF43B009A5141 /* WainNakelUITests.swift */; };
		85594F25242BF826009A5141 /* Resturant.swift in Sources */ = {isa = PBXBuildFile; fileRef = 85594F24242BF826009A5141 /* Resturant.swift */; };
		85594F2A242C0295009A5141 /* UseCase.swift in Sources */ = {isa = PBXBuildFile; fileRef = 85594F29242C0295009A5141 /* UseCase.swift */; };
		85594F2C242C0361009A5141 /* Cancellable.swift in Sources */ = {isa = PBXBuildFile; fileRef = 85594F2B242C0361009A5141 /* Cancellable.swift */; };
		85594F2E242C044F009A5141 /* SuggestResturantUseCase.swift in Sources */ = {isa = PBXBuildFile; fileRef = 85594F2D242C044F009A5141 /* SuggestResturantUseCase.swift */; };
		85594F32242C0720009A5141 /* API.swift in Sources */ = {isa = PBXBuildFile; fileRef = 85594F31242C0720009A5141 /* API.swift */; };
		85594F35242C0E1A009A5141 /* Constants.swift in Sources */ = {isa = PBXBuildFile; fileRef = 85594F34242C0E1A009A5141 /* Constants.swift */; };
		85594F37242C1044009A5141 /* Networking.swift in Sources */ = {isa = PBXBuildFile; fileRef = 85594F36242C1044009A5141 /* Networking.swift */; };
		85594F39242C1505009A5141 /* Reachability.swift in Sources */ = {isa = PBXBuildFile; fileRef = 85594F38242C1505009A5141 /* Reachability.swift */; };
		85594F3B242C153D009A5141 /* Cache.swift in Sources */ = {isa = PBXBuildFile; fileRef = 85594F3A242C153D009A5141 /* Cache.swift */; };
		85594F3D242C1633009A5141 /* NetworkManager.swift in Sources */ = {isa = PBXBuildFile; fileRef = 85594F3C242C1633009A5141 /* NetworkManager.swift */; };
		85594F3F242C1D9C009A5141 /* SuggestResturantRepository.swift in Sources */ = {isa = PBXBuildFile; fileRef = 85594F3E242C1D9C009A5141 /* SuggestResturantRepository.swift */; };
		85594F41242C1DEE009A5141 /* DefaultSuggestResturantRepository.swift in Sources */ = {isa = PBXBuildFile; fileRef = 85594F40242C1DEE009A5141 /* DefaultSuggestResturantRepository.swift */; };
		85594F46242C255E009A5141 /* SplashViewModel.swift in Sources */ = {isa = PBXBuildFile; fileRef = 85594F45242C255E009A5141 /* SplashViewModel.swift */; };
		85594F48242C2575009A5141 /* SplashViewController.swift in Sources */ = {isa = PBXBuildFile; fileRef = 85594F47242C2575009A5141 /* SplashViewController.swift */; };
		855A0606242E17AE007608AB /* SplashView.swift in Sources */ = {isa = PBXBuildFile; fileRef = 855A0605242E17AE007608AB /* SplashView.swift */; };
		855A0608242E186E007608AB /* BaseView.swift in Sources */ = {isa = PBXBuildFile; fileRef = 855A0607242E186E007608AB /* BaseView.swift */; };
		855A060A242E18DA007608AB /* BaseController.swift in Sources */ = {isa = PBXBuildFile; fileRef = 855A0609242E18DA007608AB /* BaseController.swift */; };
		855A060D242E1967007608AB /* SplashViewModelFactory.swift in Sources */ = {isa = PBXBuildFile; fileRef = 855A060C242E1967007608AB /* SplashViewModelFactory.swift */; };
		855A060F242E2BA3007608AB /* UIColor+AppColors.swift in Sources */ = {isa = PBXBuildFile; fileRef = 855A060E242E2BA3007608AB /* UIColor+AppColors.swift */; };
		855A061E242E56B9007608AB /* MainViewModel.swift in Sources */ = {isa = PBXBuildFile; fileRef = 855A061D242E56B9007608AB /* MainViewModel.swift */; };
		855A0620242E56D3007608AB /* MainViewController.swift in Sources */ = {isa = PBXBuildFile; fileRef = 855A061F242E56D3007608AB /* MainViewController.swift */; };
		855A0622242E58A1007608AB /* Observable.swift in Sources */ = {isa = PBXBuildFile; fileRef = 855A0621242E58A1007608AB /* Observable.swift */; };
		855A0624242E59AC007608AB /* MainView.swift in Sources */ = {isa = PBXBuildFile; fileRef = 855A0623242E59AC007608AB /* MainView.swift */; };
		855A0626242E5F25007608AB /* SplashViewControllerFactory.swift in Sources */ = {isa = PBXBuildFile; fileRef = 855A0625242E5F25007608AB /* SplashViewControllerFactory.swift */; };
		855A062B242E7072007608AB /* WainNakelAppDependencyContainer.swift in Sources */ = {isa = PBXBuildFile; fileRef = 855A062A242E7071007608AB /* WainNakelAppDependencyContainer.swift */; };
		855A062D242E710B007608AB /* WainNakelSuggestionDependencyContainer.swift in Sources */ = {isa = PBXBuildFile; fileRef = 855A062C242E710A007608AB /* WainNakelSuggestionDependencyContainer.swift */; };
		8572D5F224326861006415BC /* UIViewController+Alert.swift in Sources */ = {isa = PBXBuildFile; fileRef = 8572D5F124326861006415BC /* UIViewController+Alert.swift */; };
		8572D5F424329FED006415BC /* README.md in Resources */ = {isa = PBXBuildFile; fileRef = 8572D5F324329FEC006415BC /* README.md */; };
		8572D5F82432BA61006415BC /* Resturant+Codable.swift in Sources */ = {isa = PBXBuildFile; fileRef = 8572D5F72432BA61006415BC /* Resturant+Codable.swift */; };
		85B35159242EC4F900075E62 /* SuggestionViewController.swift in Sources */ = {isa = PBXBuildFile; fileRef = 85B35158242EC4F900075E62 /* SuggestionViewController.swift */; };
		85B3515B242EC50900075E62 /* SuggestionView.swift in Sources */ = {isa = PBXBuildFile; fileRef = 85B3515A242EC50900075E62 /* SuggestionView.swift */; };
		85B3515D242EC51B00075E62 /* SuggestionViewModel.swift in Sources */ = {isa = PBXBuildFile; fileRef = 85B3515C242EC51B00075E62 /* SuggestionViewModel.swift */; };
		85B35160242EC66400075E62 /* SuggestionViewModelFactory.swift in Sources */ = {isa = PBXBuildFile; fileRef = 85B3515F242EC66400075E62 /* SuggestionViewModelFactory.swift */; };
		85B35162242EC6D000075E62 /* SuggestionViewControllerFactory.swift in Sources */ = {isa = PBXBuildFile; fileRef = 85B35161242EC6D000075E62 /* SuggestionViewControllerFactory.swift */; };
/* End PBXBuildFile section */

/* Begin PBXContainerItemProxy section */
		85594EFE242BF43B009A5141 /* PBXContainerItemProxy */ = {
			isa = PBXContainerItemProxy;
			containerPortal = 85594EDF242BF439009A5141 /* Project object */;
			proxyType = 1;
			remoteGlobalIDString = 85594EE6242BF439009A5141;
			remoteInfo = WainNakel;
		};
		85594F09242BF43B009A5141 /* PBXContainerItemProxy */ = {
			isa = PBXContainerItemProxy;
			containerPortal = 85594EDF242BF439009A5141 /* Project object */;
			proxyType = 1;
			remoteGlobalIDString = 85594EE6242BF439009A5141;
			remoteInfo = WainNakel;
		};
/* End PBXContainerItemProxy section */

/* Begin PBXFileReference section */
		1A8C1202D44AA2845582968F /* Pods_WainNakelTests.framework */ = {isa = PBXFileReference; explicitFileType = wrapper.framework; includeInIndex = 0; path = Pods_WainNakelTests.framework; sourceTree = BUILT_PRODUCTS_DIR; };
		1CE8D4C690CB4FFC5BF3A147 /* Pods-WainNakel-WainNakelUITests.release.xcconfig */ = {isa = PBXFileReference; includeInIndex = 1; lastKnownFileType = text.xcconfig; name = "Pods-WainNakel-WainNakelUITests.release.xcconfig"; path = "Target Support Files/Pods-WainNakel-WainNakelUITests/Pods-WainNakel-WainNakelUITests.release.xcconfig"; sourceTree = "<group>"; };
		2036D21F84E53931ACFC3953 /* Pods_WainNakel_WainNakelUITests.framework */ = {isa = PBXFileReference; explicitFileType = wrapper.framework; includeInIndex = 0; path = Pods_WainNakel_WainNakelUITests.framework; sourceTree = BUILT_PRODUCTS_DIR; };
		255590A49A6179963294E692 /* Pods-WainNakelTests.debug.xcconfig */ = {isa = PBXFileReference; includeInIndex = 1; lastKnownFileType = text.xcconfig; name = "Pods-WainNakelTests.debug.xcconfig"; path = "Target Support Files/Pods-WainNakelTests/Pods-WainNakelTests.debug.xcconfig"; sourceTree = "<group>"; };
		49E453A8EF87BAC360D7EF02 /* Pods-WainNakel.debug.xcconfig */ = {isa = PBXFileReference; includeInIndex = 1; lastKnownFileType = text.xcconfig; name = "Pods-WainNakel.debug.xcconfig"; path = "Target Support Files/Pods-WainNakel/Pods-WainNakel.debug.xcconfig"; sourceTree = "<group>"; };
		5D6F09DA658D4E2C7189928A /* Pods-WainNakel.release.xcconfig */ = {isa = PBXFileReference; includeInIndex = 1; lastKnownFileType = text.xcconfig; name = "Pods-WainNakel.release.xcconfig"; path = "Target Support Files/Pods-WainNakel/Pods-WainNakel.release.xcconfig"; sourceTree = "<group>"; };
		5FBF9B51A2B2277DC5F327C3 /* Pods-WainNakelTests.release.xcconfig */ = {isa = PBXFileReference; includeInIndex = 1; lastKnownFileType = text.xcconfig; name = "Pods-WainNakelTests.release.xcconfig"; path = "Target Support Files/Pods-WainNakelTests/Pods-WainNakelTests.release.xcconfig"; sourceTree = "<group>"; };
		68F8E4F69DCBF85E067416B7 /* Pods-WainNakel-WainNakelUITests.debug.xcconfig */ = {isa = PBXFileReference; includeInIndex = 1; lastKnownFileType = text.xcconfig; name = "Pods-WainNakel-WainNakelUITests.debug.xcconfig"; path = "Target Support Files/Pods-WainNakel-WainNakelUITests/Pods-WainNakel-WainNakelUITests.debug.xcconfig"; sourceTree = "<group>"; };
		8530FF58242F808F00FC4FBF /* UIView+Anchor.swift */ = {isa = PBXFileReference; fileEncoding = 4; lastKnownFileType = sourcecode.swift; path = "UIView+Anchor.swift"; sourceTree = "<group>"; };
		8530FF5A242F812100FC4FBF /* WainNakelSplashDependencyContainer.swift */ = {isa = PBXFileReference; lastKnownFileType = sourcecode.swift; path = WainNakelSplashDependencyContainer.swift; sourceTree = "<group>"; };
		85594EE7242BF439009A5141 /* WainNakel.app */ = {isa = PBXFileReference; explicitFileType = wrapper.application; includeInIndex = 0; path = WainNakel.app; sourceTree = BUILT_PRODUCTS_DIR; };
		85594EEA242BF439009A5141 /* AppDelegate.swift */ = {isa = PBXFileReference; lastKnownFileType = sourcecode.swift; path = AppDelegate.swift; sourceTree = "<group>"; };
		85594EEC242BF439009A5141 /* SceneDelegate.swift */ = {isa = PBXFileReference; lastKnownFileType = sourcecode.swift; path = SceneDelegate.swift; sourceTree = "<group>"; };
		85594EF1242BF439009A5141 /* Base */ = {isa = PBXFileReference; lastKnownFileType = file.storyboard; name = Base; path = Base.lproj/Main.storyboard; sourceTree = "<group>"; };
		85594EF3242BF43B009A5141 /* Assets.xcassets */ = {isa = PBXFileReference; lastKnownFileType = folder.assetcatalog; path = Assets.xcassets; sourceTree = "<group>"; };
		85594EF6242BF43B009A5141 /* Base */ = {isa = PBXFileReference; lastKnownFileType = file.storyboard; name = Base; path = Base.lproj/LaunchScreen.storyboard; sourceTree = "<group>"; };
		85594EF8242BF43B009A5141 /* Info.plist */ = {isa = PBXFileReference; lastKnownFileType = text.plist.xml; path = Info.plist; sourceTree = "<group>"; };
		85594EFD242BF43B009A5141 /* WainNakelTests.xctest */ = {isa = PBXFileReference; explicitFileType = wrapper.cfbundle; includeInIndex = 0; path = WainNakelTests.xctest; sourceTree = BUILT_PRODUCTS_DIR; };
		85594F01242BF43B009A5141 /* WainNakelTests.swift */ = {isa = PBXFileReference; lastKnownFileType = sourcecode.swift; path = WainNakelTests.swift; sourceTree = "<group>"; };
		85594F03242BF43B009A5141 /* Info.plist */ = {isa = PBXFileReference; lastKnownFileType = text.plist.xml; path = Info.plist; sourceTree = "<group>"; };
		85594F08242BF43B009A5141 /* WainNakelUITests.xctest */ = {isa = PBXFileReference; explicitFileType = wrapper.cfbundle; includeInIndex = 0; path = WainNakelUITests.xctest; sourceTree = BUILT_PRODUCTS_DIR; };
		85594F0C242BF43B009A5141 /* WainNakelUITests.swift */ = {isa = PBXFileReference; lastKnownFileType = sourcecode.swift; path = WainNakelUITests.swift; sourceTree = "<group>"; };
		85594F0E242BF43B009A5141 /* Info.plist */ = {isa = PBXFileReference; lastKnownFileType = text.plist.xml; path = Info.plist; sourceTree = "<group>"; };
		85594F24242BF826009A5141 /* Resturant.swift */ = {isa = PBXFileReference; lastKnownFileType = sourcecode.swift; path = Resturant.swift; sourceTree = "<group>"; };
		85594F29242C0295009A5141 /* UseCase.swift */ = {isa = PBXFileReference; lastKnownFileType = sourcecode.swift; path = UseCase.swift; sourceTree = "<group>"; };
		85594F2B242C0361009A5141 /* Cancellable.swift */ = {isa = PBXFileReference; lastKnownFileType = sourcecode.swift; path = Cancellable.swift; sourceTree = "<group>"; };
		85594F2D242C044F009A5141 /* SuggestResturantUseCase.swift */ = {isa = PBXFileReference; lastKnownFileType = sourcecode.swift; path = SuggestResturantUseCase.swift; sourceTree = "<group>"; };
		85594F31242C0720009A5141 /* API.swift */ = {isa = PBXFileReference; lastKnownFileType = sourcecode.swift; path = API.swift; sourceTree = "<group>"; };
		85594F34242C0E1A009A5141 /* Constants.swift */ = {isa = PBXFileReference; lastKnownFileType = sourcecode.swift; path = Constants.swift; sourceTree = "<group>"; };
		85594F36242C1044009A5141 /* Networking.swift */ = {isa = PBXFileReference; lastKnownFileType = sourcecode.swift; path = Networking.swift; sourceTree = "<group>"; };
		85594F38242C1505009A5141 /* Reachability.swift */ = {isa = PBXFileReference; lastKnownFileType = sourcecode.swift; path = Reachability.swift; sourceTree = "<group>"; };
		85594F3A242C153D009A5141 /* Cache.swift */ = {isa = PBXFileReference; lastKnownFileType = sourcecode.swift; path = Cache.swift; sourceTree = "<group>"; };
		85594F3C242C1633009A5141 /* NetworkManager.swift */ = {isa = PBXFileReference; lastKnownFileType = sourcecode.swift; path = NetworkManager.swift; sourceTree = "<group>"; };
		85594F3E242C1D9C009A5141 /* SuggestResturantRepository.swift */ = {isa = PBXFileReference; lastKnownFileType = sourcecode.swift; path = SuggestResturantRepository.swift; sourceTree = "<group>"; };
		85594F40242C1DEE009A5141 /* DefaultSuggestResturantRepository.swift */ = {isa = PBXFileReference; lastKnownFileType = sourcecode.swift; path = DefaultSuggestResturantRepository.swift; sourceTree = "<group>"; };
		85594F45242C255E009A5141 /* SplashViewModel.swift */ = {isa = PBXFileReference; lastKnownFileType = sourcecode.swift; path = SplashViewModel.swift; sourceTree = "<group>"; };
		85594F47242C2575009A5141 /* SplashViewController.swift */ = {isa = PBXFileReference; lastKnownFileType = sourcecode.swift; path = SplashViewController.swift; sourceTree = "<group>"; };
		855A0605242E17AE007608AB /* SplashView.swift */ = {isa = PBXFileReference; lastKnownFileType = sourcecode.swift; path = SplashView.swift; sourceTree = "<group>"; };
		855A0607242E186E007608AB /* BaseView.swift */ = {isa = PBXFileReference; lastKnownFileType = sourcecode.swift; path = BaseView.swift; sourceTree = "<group>"; };
		855A0609242E18DA007608AB /* BaseController.swift */ = {isa = PBXFileReference; lastKnownFileType = sourcecode.swift; path = BaseController.swift; sourceTree = "<group>"; };
		855A060C242E1967007608AB /* SplashViewModelFactory.swift */ = {isa = PBXFileReference; lastKnownFileType = sourcecode.swift; path = SplashViewModelFactory.swift; sourceTree = "<group>"; };
		855A060E242E2BA3007608AB /* UIColor+AppColors.swift */ = {isa = PBXFileReference; lastKnownFileType = sourcecode.swift; path = "UIColor+AppColors.swift"; sourceTree = "<group>"; };
		855A061D242E56B9007608AB /* MainViewModel.swift */ = {isa = PBXFileReference; lastKnownFileType = sourcecode.swift; path = MainViewModel.swift; sourceTree = "<group>"; };
		855A061F242E56D3007608AB /* MainViewController.swift */ = {isa = PBXFileReference; lastKnownFileType = sourcecode.swift; path = MainViewController.swift; sourceTree = "<group>"; };
		855A0621242E58A1007608AB /* Observable.swift */ = {isa = PBXFileReference; lastKnownFileType = sourcecode.swift; path = Observable.swift; sourceTree = "<group>"; };
		855A0623242E59AC007608AB /* MainView.swift */ = {isa = PBXFileReference; lastKnownFileType = sourcecode.swift; path = MainView.swift; sourceTree = "<group>"; };
		855A0625242E5F25007608AB /* SplashViewControllerFactory.swift */ = {isa = PBXFileReference; lastKnownFileType = sourcecode.swift; path = SplashViewControllerFactory.swift; sourceTree = "<group>"; };
		855A062A242E7071007608AB /* WainNakelAppDependencyContainer.swift */ = {isa = PBXFileReference; fileEncoding = 4; lastKnownFileType = sourcecode.swift; path = WainNakelAppDependencyContainer.swift; sourceTree = "<group>"; };
		855A062C242E710A007608AB /* WainNakelSuggestionDependencyContainer.swift */ = {isa = PBXFileReference; fileEncoding = 4; lastKnownFileType = sourcecode.swift; path = WainNakelSuggestionDependencyContainer.swift; sourceTree = "<group>"; };
		8572D5F124326861006415BC /* UIViewController+Alert.swift */ = {isa = PBXFileReference; lastKnownFileType = sourcecode.swift; path = "UIViewController+Alert.swift"; sourceTree = "<group>"; };
		8572D5F324329FEC006415BC /* README.md */ = {isa = PBXFileReference; fileEncoding = 4; lastKnownFileType = net.daringfireball.markdown; path = README.md; sourceTree = "<group>"; };
		8572D5F72432BA61006415BC /* Resturant+Codable.swift */ = {isa = PBXFileReference; fileEncoding = 4; lastKnownFileType = sourcecode.swift; path = "Resturant+Codable.swift"; sourceTree = "<group>"; };
		85B35158242EC4F900075E62 /* SuggestionViewController.swift */ = {isa = PBXFileReference; lastKnownFileType = sourcecode.swift; path = SuggestionViewController.swift; sourceTree = "<group>"; };
		85B3515A242EC50900075E62 /* SuggestionView.swift */ = {isa = PBXFileReference; lastKnownFileType = sourcecode.swift; path = SuggestionView.swift; sourceTree = "<group>"; };
		85B3515C242EC51B00075E62 /* SuggestionViewModel.swift */ = {isa = PBXFileReference; lastKnownFileType = sourcecode.swift; path = SuggestionViewModel.swift; sourceTree = "<group>"; };
		85B3515F242EC66400075E62 /* SuggestionViewModelFactory.swift */ = {isa = PBXFileReference; lastKnownFileType = sourcecode.swift; path = SuggestionViewModelFactory.swift; sourceTree = "<group>"; };
		85B35161242EC6D000075E62 /* SuggestionViewControllerFactory.swift */ = {isa = PBXFileReference; lastKnownFileType = sourcecode.swift; path = SuggestionViewControllerFactory.swift; sourceTree = "<group>"; };
		D8BD184AB06B3EC7588BF716 /* Pods_WainNakel.framework */ = {isa = PBXFileReference; explicitFileType = wrapper.framework; includeInIndex = 0; path = Pods_WainNakel.framework; sourceTree = BUILT_PRODUCTS_DIR; };
/* End PBXFileReference section */

/* Begin PBXFrameworksBuildPhase section */
		85594EE4242BF439009A5141 /* Frameworks */ = {
			isa = PBXFrameworksBuildPhase;
			buildActionMask = 2147483647;
			files = (
				740EB986C5F4F693942591DC /* Pods_WainNakel.framework in Frameworks */,
			);
			runOnlyForDeploymentPostprocessing = 0;
		};
		85594EFA242BF43B009A5141 /* Frameworks */ = {
			isa = PBXFrameworksBuildPhase;
			buildActionMask = 2147483647;
			files = (
				690151661707D9537B93E3BD /* Pods_WainNakelTests.framework in Frameworks */,
			);
			runOnlyForDeploymentPostprocessing = 0;
		};
		85594F05242BF43B009A5141 /* Frameworks */ = {
			isa = PBXFrameworksBuildPhase;
			buildActionMask = 2147483647;
			files = (
				19CDEF4255DEB9EA5F04C5E6 /* Pods_WainNakel_WainNakelUITests.framework in Frameworks */,
			);
			runOnlyForDeploymentPostprocessing = 0;
		};
/* End PBXFrameworksBuildPhase section */

/* Begin PBXGroup section */
		1F8000F767E46C8401BF0567 /* Pods */ = {
			isa = PBXGroup;
			children = (
				49E453A8EF87BAC360D7EF02 /* Pods-WainNakel.debug.xcconfig */,
				5D6F09DA658D4E2C7189928A /* Pods-WainNakel.release.xcconfig */,
				68F8E4F69DCBF85E067416B7 /* Pods-WainNakel-WainNakelUITests.debug.xcconfig */,
				1CE8D4C690CB4FFC5BF3A147 /* Pods-WainNakel-WainNakelUITests.release.xcconfig */,
				255590A49A6179963294E692 /* Pods-WainNakelTests.debug.xcconfig */,
				5FBF9B51A2B2277DC5F327C3 /* Pods-WainNakelTests.release.xcconfig */,
			);
			path = Pods;
			sourceTree = "<group>";
		};
		85594EDE242BF439009A5141 = {
			isa = PBXGroup;
			children = (
				8572D5F324329FEC006415BC /* README.md */,
				85594EE9242BF439009A5141 /* WainNakel */,
				85594F00242BF43B009A5141 /* WainNakelTests */,
				85594F0B242BF43B009A5141 /* WainNakelUITests */,
				85594EE8242BF439009A5141 /* Products */,
				1F8000F767E46C8401BF0567 /* Pods */,
				BAD7F949B6F33CA77D8F721E /* Frameworks */,
			);
			sourceTree = "<group>";
		};
		85594EE8242BF439009A5141 /* Products */ = {
			isa = PBXGroup;
			children = (
				85594EE7242BF439009A5141 /* WainNakel.app */,
				85594EFD242BF43B009A5141 /* WainNakelTests.xctest */,
				85594F08242BF43B009A5141 /* WainNakelUITests.xctest */,
			);
			name = Products;
			sourceTree = "<group>";
		};
		85594EE9242BF439009A5141 /* WainNakel */ = {
			isa = PBXGroup;
			children = (
				855A0627242E6A5F007608AB /* Application */,
				85594F33242C0E0C009A5141 /* Common */,
				85594F2F242C057A009A5141 /* Infrastructure */,
				85594F1C242BF4D6009A5141 /* Data */,
				85594F1B242BF4CA009A5141 /* Domain */,
				85594F1A242BF4C1009A5141 /* Presentation */,
				85594EF0242BF439009A5141 /* Main.storyboard */,
				85594EF3242BF43B009A5141 /* Assets.xcassets */,
				85594EF5242BF43B009A5141 /* LaunchScreen.storyboard */,
				85594EF8242BF43B009A5141 /* Info.plist */,
			);
			path = WainNakel;
			sourceTree = "<group>";
		};
		85594F00242BF43B009A5141 /* WainNakelTests */ = {
			isa = PBXGroup;
			children = (
				85594F01242BF43B009A5141 /* WainNakelTests.swift */,
				85594F03242BF43B009A5141 /* Info.plist */,
			);
			path = WainNakelTests;
			sourceTree = "<group>";
		};
		85594F0B242BF43B009A5141 /* WainNakelUITests */ = {
			isa = PBXGroup;
			children = (
				85594F0C242BF43B009A5141 /* WainNakelUITests.swift */,
				85594F0E242BF43B009A5141 /* Info.plist */,
			);
			path = WainNakelUITests;
			sourceTree = "<group>";
		};
		85594F1A242BF4C1009A5141 /* Presentation */ = {
			isa = PBXGroup;
			children = (
				85594F43242C22A3009A5141 /* Modules */,
			);
			path = Presentation;
			sourceTree = "<group>";
		};
		85594F1B242BF4CA009A5141 /* Domain */ = {
			isa = PBXGroup;
			children = (
				8572CEE5242D84370011ECB6 /* DI */,
				85594F1F242BF62D009A5141 /* Interfaces */,
				85594F1E242BF61A009A5141 /* UseCases */,
				85594F1D242BF611009A5141 /* Entities */,
			);
			path = Domain;
			sourceTree = "<group>";
		};
		85594F1C242BF4D6009A5141 /* Data */ = {
			isa = PBXGroup;
			children = (
				8572D5F72432BA61006415BC /* Resturant+Codable.swift */,
				85594F22242BF6A7009A5141 /* Repositories */,
			);
			path = Data;
			sourceTree = "<group>";
		};
		85594F1D242BF611009A5141 /* Entities */ = {
			isa = PBXGroup;
			children = (
				85594F24242BF826009A5141 /* Resturant.swift */,
			);
			path = Entities;
			sourceTree = "<group>";
		};
		85594F1E242BF61A009A5141 /* UseCases */ = {
			isa = PBXGroup;
			children = (
				85594F28242C027F009A5141 /* Protocol */,
				85594F2D242C044F009A5141 /* SuggestResturantUseCase.swift */,
			);
			path = UseCases;
			sourceTree = "<group>";
		};
		85594F1F242BF62D009A5141 /* Interfaces */ = {
			isa = PBXGroup;
			children = (
				85594F20242BF646009A5141 /* Repositories */,
			);
			path = Interfaces;
			sourceTree = "<group>";
		};
		85594F20242BF646009A5141 /* Repositories */ = {
			isa = PBXGroup;
			children = (
				85594F3E242C1D9C009A5141 /* SuggestResturantRepository.swift */,
			);
			path = Repositories;
			sourceTree = "<group>";
		};
		85594F21242BF661009A5141 /* SplashScene */ = {
			isa = PBXGroup;
			children = (
				855A060B242E1952007608AB /* Factory */,
				855A0604242E1791007608AB /* Views */,
				85594F44242C22B2009A5141 /* ViewModels */,
				85594F42242C2282009A5141 /* Controllers */,
			);
			path = SplashScene;
			sourceTree = "<group>";
		};
		85594F22242BF6A7009A5141 /* Repositories */ = {
			isa = PBXGroup;
			children = (
				85594F40242C1DEE009A5141 /* DefaultSuggestResturantRepository.swift */,
			);
			path = Repositories;
			sourceTree = "<group>";
		};
		85594F28242C027F009A5141 /* Protocol */ = {
			isa = PBXGroup;
			children = (
				85594F29242C0295009A5141 /* UseCase.swift */,
				85594F2B242C0361009A5141 /* Cancellable.swift */,
			);
			path = Protocol;
			sourceTree = "<group>";
		};
		85594F2F242C057A009A5141 /* Infrastructure */ = {
			isa = PBXGroup;
			children = (
				85594F30242C059B009A5141 /* Network */,
			);
			path = Infrastructure;
			sourceTree = "<group>";
		};
		85594F30242C059B009A5141 /* Network */ = {
			isa = PBXGroup;
			children = (
				85594F31242C0720009A5141 /* API.swift */,
				85594F36242C1044009A5141 /* Networking.swift */,
				85594F38242C1505009A5141 /* Reachability.swift */,
				85594F3A242C153D009A5141 /* Cache.swift */,
				85594F3C242C1633009A5141 /* NetworkManager.swift */,
			);
			path = Network;
			sourceTree = "<group>";
		};
		85594F33242C0E0C009A5141 /* Common */ = {
			isa = PBXGroup;
			children = (
				855A0603242E15FE007608AB /* Utils */,
				855A0600242E15BB007608AB /* Extensions */,
			);
			path = Common;
			sourceTree = "<group>";
		};
		85594F42242C2282009A5141 /* Controllers */ = {
			isa = PBXGroup;
			children = (
				85594F47242C2575009A5141 /* SplashViewController.swift */,
			);
			path = Controllers;
			sourceTree = "<group>";
		};
		85594F43242C22A3009A5141 /* Modules */ = {
			isa = PBXGroup;
			children = (
				855A0619242E5684007608AB /* Main */,
				855A0612242E3E33007608AB /* Base */,
				85594F21242BF661009A5141 /* SplashScene */,
				85B35154242EC45200075E62 /* SuggestionsScene */,
			);
			path = Modules;
			sourceTree = "<group>";
		};
		85594F44242C22B2009A5141 /* ViewModels */ = {
			isa = PBXGroup;
			children = (
				85594F45242C255E009A5141 /* SplashViewModel.swift */,
			);
			path = ViewModels;
			sourceTree = "<group>";
		};
		855A0600242E15BB007608AB /* Extensions */ = {
			isa = PBXGroup;
			children = (
				855A060E242E2BA3007608AB /* UIColor+AppColors.swift */,
				8530FF58242F808F00FC4FBF /* UIView+Anchor.swift */,
				8572D5F124326861006415BC /* UIViewController+Alert.swift */,
			);
			path = Extensions;
			sourceTree = "<group>";
		};
		855A0603242E15FE007608AB /* Utils */ = {
			isa = PBXGroup;
			children = (
				85594F34242C0E1A009A5141 /* Constants.swift */,
				855A0621242E58A1007608AB /* Observable.swift */,
			);
			path = Utils;
			sourceTree = "<group>";
		};
		855A0604242E1791007608AB /* Views */ = {
			isa = PBXGroup;
			children = (
				855A0605242E17AE007608AB /* SplashView.swift */,
			);
			path = Views;
			sourceTree = "<group>";
		};
		855A060B242E1952007608AB /* Factory */ = {
			isa = PBXGroup;
			children = (
				855A060C242E1967007608AB /* SplashViewModelFactory.swift */,
				855A0625242E5F25007608AB /* SplashViewControllerFactory.swift */,
			);
			path = Factory;
			sourceTree = "<group>";
		};
		855A0612242E3E33007608AB /* Base */ = {
			isa = PBXGroup;
			children = (
				855A0614242E3E4B007608AB /* Views */,
				855A0613242E3E3D007608AB /* Controllers */,
			);
			path = Base;
			sourceTree = "<group>";
		};
		855A0613242E3E3D007608AB /* Controllers */ = {
			isa = PBXGroup;
			children = (
				855A0609242E18DA007608AB /* BaseController.swift */,
			);
			path = Controllers;
			sourceTree = "<group>";
		};
		855A0614242E3E4B007608AB /* Views */ = {
			isa = PBXGroup;
			children = (
				855A0607242E186E007608AB /* BaseView.swift */,
			);
			path = Views;
			sourceTree = "<group>";
		};
		855A0619242E5684007608AB /* Main */ = {
			isa = PBXGroup;
			children = (
				855A061C242E56A4007608AB /* Views */,
				855A061B242E5692007608AB /* ViewModels */,
				855A061A242E5689007608AB /* Controllers */,
			);
			path = Main;
			sourceTree = "<group>";
		};
		855A061A242E5689007608AB /* Controllers */ = {
			isa = PBXGroup;
			children = (
				855A061F242E56D3007608AB /* MainViewController.swift */,
			);
			path = Controllers;
			sourceTree = "<group>";
		};
		855A061B242E5692007608AB /* ViewModels */ = {
			isa = PBXGroup;
			children = (
				855A061D242E56B9007608AB /* MainViewModel.swift */,
			);
			path = ViewModels;
			sourceTree = "<group>";
		};
		855A061C242E56A4007608AB /* Views */ = {
			isa = PBXGroup;
			children = (
				855A0623242E59AC007608AB /* MainView.swift */,
			);
			path = Views;
			sourceTree = "<group>";
		};
		855A0627242E6A5F007608AB /* Application */ = {
			isa = PBXGroup;
			children = (
				85594EEA242BF439009A5141 /* AppDelegate.swift */,
				85594EEC242BF439009A5141 /* SceneDelegate.swift */,
				855A062A242E7071007608AB /* WainNakelAppDependencyContainer.swift */,
				8530FF5A242F812100FC4FBF /* WainNakelSplashDependencyContainer.swift */,
				855A062C242E710A007608AB /* WainNakelSuggestionDependencyContainer.swift */,
			);
			path = Application;
			sourceTree = "<group>";
		};
		8572CEE5242D84370011ECB6 /* DI */ = {
			isa = PBXGroup;
			children = (
			);
			path = DI;
			sourceTree = "<group>";
		};
		85B35154242EC45200075E62 /* SuggestionsScene */ = {
			isa = PBXGroup;
			children = (
				85B3515E242EC64B00075E62 /* Factory */,
				85B35157242EC49200075E62 /* ViewModels */,
				85B35156242EC48B00075E62 /* Views */,
				85B35155242EC47F00075E62 /* Controllers */,
			);
			path = SuggestionsScene;
			sourceTree = "<group>";
		};
		85B35155242EC47F00075E62 /* Controllers */ = {
			isa = PBXGroup;
			children = (
				85B35158242EC4F900075E62 /* SuggestionViewController.swift */,
			);
			path = Controllers;
			sourceTree = "<group>";
		};
		85B35156242EC48B00075E62 /* Views */ = {
			isa = PBXGroup;
			children = (
				85B3515A242EC50900075E62 /* SuggestionView.swift */,
			);
			path = Views;
			sourceTree = "<group>";
		};
		85B35157242EC49200075E62 /* ViewModels */ = {
			isa = PBXGroup;
			children = (
				85B3515C242EC51B00075E62 /* SuggestionViewModel.swift */,
			);
			path = ViewModels;
			sourceTree = "<group>";
		};
		85B3515E242EC64B00075E62 /* Factory */ = {
			isa = PBXGroup;
			children = (
				85B3515F242EC66400075E62 /* SuggestionViewModelFactory.swift */,
				85B35161242EC6D000075E62 /* SuggestionViewControllerFactory.swift */,
			);
			path = Factory;
			sourceTree = "<group>";
		};
		BAD7F949B6F33CA77D8F721E /* Frameworks */ = {
			isa = PBXGroup;
			children = (
				D8BD184AB06B3EC7588BF716 /* Pods_WainNakel.framework */,
				2036D21F84E53931ACFC3953 /* Pods_WainNakel_WainNakelUITests.framework */,
				1A8C1202D44AA2845582968F /* Pods_WainNakelTests.framework */,
			);
			name = Frameworks;
			sourceTree = "<group>";
		};
/* End PBXGroup section */

/* Begin PBXNativeTarget section */
		85594EE6242BF439009A5141 /* WainNakel */ = {
			isa = PBXNativeTarget;
			buildConfigurationList = 85594F11242BF43B009A5141 /* Build configuration list for PBXNativeTarget "WainNakel" */;
			buildPhases = (
				17CE039CD7246A636EC148DD /* [CP] Check Pods Manifest.lock */,
				85594EE3242BF439009A5141 /* Sources */,
				85594EE4242BF439009A5141 /* Frameworks */,
				85594EE5242BF439009A5141 /* Resources */,
				0A013C013DB2C41FA8E15E1F /* [CP] Embed Pods Frameworks */,
			);
			buildRules = (
			);
			dependencies = (
			);
			name = WainNakel;
			productName = WainNakel;
			productReference = 85594EE7242BF439009A5141 /* WainNakel.app */;
			productType = "com.apple.product-type.application";
		};
		85594EFC242BF43B009A5141 /* WainNakelTests */ = {
			isa = PBXNativeTarget;
			buildConfigurationList = 85594F14242BF43B009A5141 /* Build configuration list for PBXNativeTarget "WainNakelTests" */;
			buildPhases = (
				3929DFAF3453866B60348FC7 /* [CP] Check Pods Manifest.lock */,
				85594EF9242BF43B009A5141 /* Sources */,
				85594EFA242BF43B009A5141 /* Frameworks */,
				85594EFB242BF43B009A5141 /* Resources */,
			);
			buildRules = (
			);
			dependencies = (
				85594EFF242BF43B009A5141 /* PBXTargetDependency */,
			);
			name = WainNakelTests;
			productName = WainNakelTests;
			productReference = 85594EFD242BF43B009A5141 /* WainNakelTests.xctest */;
			productType = "com.apple.product-type.bundle.unit-test";
		};
		85594F07242BF43B009A5141 /* WainNakelUITests */ = {
			isa = PBXNativeTarget;
			buildConfigurationList = 85594F17242BF43B009A5141 /* Build configuration list for PBXNativeTarget "WainNakelUITests" */;
			buildPhases = (
				9636CAD7A3DF203B5405EF50 /* [CP] Check Pods Manifest.lock */,
				85594F04242BF43B009A5141 /* Sources */,
				85594F05242BF43B009A5141 /* Frameworks */,
				85594F06242BF43B009A5141 /* Resources */,
				22BB95353916C468A526DD99 /* [CP] Embed Pods Frameworks */,
			);
			buildRules = (
			);
			dependencies = (
				85594F0A242BF43B009A5141 /* PBXTargetDependency */,
			);
			name = WainNakelUITests;
			productName = WainNakelUITests;
			productReference = 85594F08242BF43B009A5141 /* WainNakelUITests.xctest */;
			productType = "com.apple.product-type.bundle.ui-testing";
		};
/* End PBXNativeTarget section */

/* Begin PBXProject section */
		85594EDF242BF439009A5141 /* Project object */ = {
			isa = PBXProject;
			attributes = {
				LastSwiftUpdateCheck = 1130;
				LastUpgradeCheck = 1130;
				ORGANIZATIONNAME = Aqwas;
				TargetAttributes = {
					85594EE6242BF439009A5141 = {
						CreatedOnToolsVersion = 11.3;
					};
					85594EFC242BF43B009A5141 = {
						CreatedOnToolsVersion = 11.3;
						TestTargetID = 85594EE6242BF439009A5141;
					};
					85594F07242BF43B009A5141 = {
						CreatedOnToolsVersion = 11.3;
						TestTargetID = 85594EE6242BF439009A5141;
					};
				};
			};
			buildConfigurationList = 85594EE2242BF439009A5141 /* Build configuration list for PBXProject "WainNakel" */;
			compatibilityVersion = "Xcode 9.3";
			developmentRegion = en;
			hasScannedForEncodings = 0;
			knownRegions = (
				en,
				Base,
			);
			mainGroup = 85594EDE242BF439009A5141;
			productRefGroup = 85594EE8242BF439009A5141 /* Products */;
			projectDirPath = "";
			projectRoot = "";
			targets = (
				85594EE6242BF439009A5141 /* WainNakel */,
				85594EFC242BF43B009A5141 /* WainNakelTests */,
				85594F07242BF43B009A5141 /* WainNakelUITests */,
			);
		};
/* End PBXProject section */

/* Begin PBXResourcesBuildPhase section */
		85594EE5242BF439009A5141 /* Resources */ = {
			isa = PBXResourcesBuildPhase;
			buildActionMask = 2147483647;
			files = (
				85594EF7242BF43B009A5141 /* LaunchScreen.storyboard in Resources */,
				85594EF4242BF43B009A5141 /* Assets.xcassets in Resources */,
				8572D5F424329FED006415BC /* README.md in Resources */,
				85594EF2242BF439009A5141 /* Main.storyboard in Resources */,
			);
			runOnlyForDeploymentPostprocessing = 0;
		};
		85594EFB242BF43B009A5141 /* Resources */ = {
			isa = PBXResourcesBuildPhase;
			buildActionMask = 2147483647;
			files = (
			);
			runOnlyForDeploymentPostprocessing = 0;
		};
		85594F06242BF43B009A5141 /* Resources */ = {
			isa = PBXResourcesBuildPhase;
			buildActionMask = 2147483647;
			files = (
			);
			runOnlyForDeploymentPostprocessing = 0;
		};
/* End PBXResourcesBuildPhase section */

/* Begin PBXShellScriptBuildPhase section */
		0A013C013DB2C41FA8E15E1F /* [CP] Embed Pods Frameworks */ = {
			isa = PBXShellScriptBuildPhase;
			buildActionMask = 2147483647;
			files = (
			);
			inputFileListPaths = (
				"${PODS_ROOT}/Target Support Files/Pods-WainNakel/Pods-WainNakel-frameworks-${CONFIGURATION}-input-files.xcfilelist",
			);
			name = "[CP] Embed Pods Frameworks";
			outputFileListPaths = (
				"${PODS_ROOT}/Target Support Files/Pods-WainNakel/Pods-WainNakel-frameworks-${CONFIGURATION}-output-files.xcfilelist",
			);
			runOnlyForDeploymentPostprocessing = 0;
			shellPath = /bin/sh;
			shellScript = "\"${PODS_ROOT}/Target Support Files/Pods-WainNakel/Pods-WainNakel-frameworks.sh\"\n";
			showEnvVarsInLog = 0;
		};
		17CE039CD7246A636EC148DD /* [CP] Check Pods Manifest.lock */ = {
			isa = PBXShellScriptBuildPhase;
			buildActionMask = 2147483647;
			files = (
			);
			inputFileListPaths = (
			);
			inputPaths = (
				"${PODS_PODFILE_DIR_PATH}/Podfile.lock",
				"${PODS_ROOT}/Manifest.lock",
			);
			name = "[CP] Check Pods Manifest.lock";
			outputFileListPaths = (
			);
			outputPaths = (
				"$(DERIVED_FILE_DIR)/Pods-WainNakel-checkManifestLockResult.txt",
			);
			runOnlyForDeploymentPostprocessing = 0;
			shellPath = /bin/sh;
			shellScript = "diff \"${PODS_PODFILE_DIR_PATH}/Podfile.lock\" \"${PODS_ROOT}/Manifest.lock\" > /dev/null\nif [ $? != 0 ] ; then\n    # print error to STDERR\n    echo \"error: The sandbox is not in sync with the Podfile.lock. Run 'pod install' or update your CocoaPods installation.\" >&2\n    exit 1\nfi\n# This output is used by Xcode 'outputs' to avoid re-running this script phase.\necho \"SUCCESS\" > \"${SCRIPT_OUTPUT_FILE_0}\"\n";
			showEnvVarsInLog = 0;
		};
		22BB95353916C468A526DD99 /* [CP] Embed Pods Frameworks */ = {
			isa = PBXShellScriptBuildPhase;
			buildActionMask = 2147483647;
			files = (
			);
			inputFileListPaths = (
				"${PODS_ROOT}/Target Support Files/Pods-WainNakel-WainNakelUITests/Pods-WainNakel-WainNakelUITests-frameworks-${CONFIGURATION}-input-files.xcfilelist",
			);
			name = "[CP] Embed Pods Frameworks";
			outputFileListPaths = (
				"${PODS_ROOT}/Target Support Files/Pods-WainNakel-WainNakelUITests/Pods-WainNakel-WainNakelUITests-frameworks-${CONFIGURATION}-output-files.xcfilelist",
			);
			runOnlyForDeploymentPostprocessing = 0;
			shellPath = /bin/sh;
			shellScript = "\"${PODS_ROOT}/Target Support Files/Pods-WainNakel-WainNakelUITests/Pods-WainNakel-WainNakelUITests-frameworks.sh\"\n";
			showEnvVarsInLog = 0;
		};
		3929DFAF3453866B60348FC7 /* [CP] Check Pods Manifest.lock */ = {
			isa = PBXShellScriptBuildPhase;
			buildActionMask = 2147483647;
			files = (
			);
			inputFileListPaths = (
			);
			inputPaths = (
				"${PODS_PODFILE_DIR_PATH}/Podfile.lock",
				"${PODS_ROOT}/Manifest.lock",
			);
			name = "[CP] Check Pods Manifest.lock";
			outputFileListPaths = (
			);
			outputPaths = (
				"$(DERIVED_FILE_DIR)/Pods-WainNakelTests-checkManifestLockResult.txt",
			);
			runOnlyForDeploymentPostprocessing = 0;
			shellPath = /bin/sh;
			shellScript = "diff \"${PODS_PODFILE_DIR_PATH}/Podfile.lock\" \"${PODS_ROOT}/Manifest.lock\" > /dev/null\nif [ $? != 0 ] ; then\n    # print error to STDERR\n    echo \"error: The sandbox is not in sync with the Podfile.lock. Run 'pod install' or update your CocoaPods installation.\" >&2\n    exit 1\nfi\n# This output is used by Xcode 'outputs' to avoid re-running this script phase.\necho \"SUCCESS\" > \"${SCRIPT_OUTPUT_FILE_0}\"\n";
			showEnvVarsInLog = 0;
		};
		9636CAD7A3DF203B5405EF50 /* [CP] Check Pods Manifest.lock */ = {
			isa = PBXShellScriptBuildPhase;
			buildActionMask = 2147483647;
			files = (
			);
			inputFileListPaths = (
			);
			inputPaths = (
				"${PODS_PODFILE_DIR_PATH}/Podfile.lock",
				"${PODS_ROOT}/Manifest.lock",
			);
			name = "[CP] Check Pods Manifest.lock";
			outputFileListPaths = (
			);
			outputPaths = (
				"$(DERIVED_FILE_DIR)/Pods-WainNakel-WainNakelUITests-checkManifestLockResult.txt",
			);
			runOnlyForDeploymentPostprocessing = 0;
			shellPath = /bin/sh;
			shellScript = "diff \"${PODS_PODFILE_DIR_PATH}/Podfile.lock\" \"${PODS_ROOT}/Manifest.lock\" > /dev/null\nif [ $? != 0 ] ; then\n    # print error to STDERR\n    echo \"error: The sandbox is not in sync with the Podfile.lock. Run 'pod install' or update your CocoaPods installation.\" >&2\n    exit 1\nfi\n# This output is used by Xcode 'outputs' to avoid re-running this script phase.\necho \"SUCCESS\" > \"${SCRIPT_OUTPUT_FILE_0}\"\n";
			showEnvVarsInLog = 0;
		};
/* End PBXShellScriptBuildPhase section */

/* Begin PBXSourcesBuildPhase section */
		85594EE3242BF439009A5141 /* Sources */ = {
			isa = PBXSourcesBuildPhase;
			buildActionMask = 2147483647;
			files = (
				85594F2E242C044F009A5141 /* SuggestResturantUseCase.swift in Sources */,
				85B3515B242EC50900075E62 /* SuggestionView.swift in Sources */,
				855A062B242E7072007608AB /* WainNakelAppDependencyContainer.swift in Sources */,
				8572D5F224326861006415BC /* UIViewController+Alert.swift in Sources */,
				85B35160242EC66400075E62 /* SuggestionViewModelFactory.swift in Sources */,
				855A0606242E17AE007608AB /* SplashView.swift in Sources */,
				8530FF5B242F812100FC4FBF /* WainNakelSplashDependencyContainer.swift in Sources */,
				85594F41242C1DEE009A5141 /* DefaultSuggestResturantRepository.swift in Sources */,
				85594F2C242C0361009A5141 /* Cancellable.swift in Sources */,
				855A061E242E56B9007608AB /* MainViewModel.swift in Sources */,
				85B3515D242EC51B00075E62 /* SuggestionViewModel.swift in Sources */,
				85594F48242C2575009A5141 /* SplashViewController.swift in Sources */,
				85594F2A242C0295009A5141 /* UseCase.swift in Sources */,
				85594F3D242C1633009A5141 /* NetworkManager.swift in Sources */,
				855A062D242E710B007608AB /* WainNakelSuggestionDependencyContainer.swift in Sources */,
				85594EEB242BF439009A5141 /* AppDelegate.swift in Sources */,
				855A060D242E1967007608AB /* SplashViewModelFactory.swift in Sources */,
				855A060F242E2BA3007608AB /* UIColor+AppColors.swift in Sources */,
				85B35159242EC4F900075E62 /* SuggestionViewController.swift in Sources */,
				85594F46242C255E009A5141 /* SplashViewModel.swift in Sources */,
				85594F3F242C1D9C009A5141 /* SuggestResturantRepository.swift in Sources */,
				85594F37242C1044009A5141 /* Networking.swift in Sources */,
				85594F25242BF826009A5141 /* Resturant.swift in Sources */,
				8572D5F82432BA61006415BC /* Resturant+Codable.swift in Sources */,
				85594F39242C1505009A5141 /* Reachability.swift in Sources */,
				85594F32242C0720009A5141 /* API.swift in Sources */,
				855A0608242E186E007608AB /* BaseView.swift in Sources */,
				855A0626242E5F25007608AB /* SplashViewControllerFactory.swift in Sources */,
				85594EED242BF439009A5141 /* SceneDelegate.swift in Sources */,
				85594F3B242C153D009A5141 /* Cache.swift in Sources */,
				855A0622242E58A1007608AB /* Observable.swift in Sources */,
				855A0624242E59AC007608AB /* MainView.swift in Sources */,
				855A0620242E56D3007608AB /* MainViewController.swift in Sources */,
				855A060A242E18DA007608AB /* BaseController.swift in Sources */,
				8530FF59242F809000FC4FBF /* UIView+Anchor.swift in Sources */,
				85594F35242C0E1A009A5141 /* Constants.swift in Sources */,
				85B35162242EC6D000075E62 /* SuggestionViewControllerFactory.swift in Sources */,
			);
			runOnlyForDeploymentPostprocessing = 0;
		};
		85594EF9242BF43B009A5141 /* Sources */ = {
			isa = PBXSourcesBuildPhase;
			buildActionMask = 2147483647;
			files = (
				85594F02242BF43B009A5141 /* WainNakelTests.swift in Sources */,
			);
			runOnlyForDeploymentPostprocessing = 0;
		};
		85594F04242BF43B009A5141 /* Sources */ = {
			isa = PBXSourcesBuildPhase;
			buildActionMask = 2147483647;
			files = (
				85594F0D242BF43B009A5141 /* WainNakelUITests.swift in Sources */,
			);
			runOnlyForDeploymentPostprocessing = 0;
		};
/* End PBXSourcesBuildPhase section */

/* Begin PBXTargetDependency section */
		85594EFF242BF43B009A5141 /* PBXTargetDependency */ = {
			isa = PBXTargetDependency;
			target = 85594EE6242BF439009A5141 /* WainNakel */;
			targetProxy = 85594EFE242BF43B009A5141 /* PBXContainerItemProxy */;
		};
		85594F0A242BF43B009A5141 /* PBXTargetDependency */ = {
			isa = PBXTargetDependency;
			target = 85594EE6242BF439009A5141 /* WainNakel */;
			targetProxy = 85594F09242BF43B009A5141 /* PBXContainerItemProxy */;
		};
/* End PBXTargetDependency section */

/* Begin PBXVariantGroup section */
		85594EF0242BF439009A5141 /* Main.storyboard */ = {
			isa = PBXVariantGroup;
			children = (
				85594EF1242BF439009A5141 /* Base */,
			);
			name = Main.storyboard;
			sourceTree = "<group>";
		};
		85594EF5242BF43B009A5141 /* LaunchScreen.storyboard */ = {
			isa = PBXVariantGroup;
			children = (
				85594EF6242BF43B009A5141 /* Base */,
			);
			name = LaunchScreen.storyboard;
			sourceTree = "<group>";
		};
/* End PBXVariantGroup section */

/* Begin XCBuildConfiguration section */
		85594F0F242BF43B009A5141 /* Debug */ = {
			isa = XCBuildConfiguration;
			buildSettings = {
				ALWAYS_SEARCH_USER_PATHS = NO;
				CLANG_ANALYZER_NONNULL = YES;
				CLANG_ANALYZER_NUMBER_OBJECT_CONVERSION = YES_AGGRESSIVE;
				CLANG_CXX_LANGUAGE_STANDARD = "gnu++14";
				CLANG_CXX_LIBRARY = "libc++";
				CLANG_ENABLE_MODULES = YES;
				CLANG_ENABLE_OBJC_ARC = YES;
				CLANG_ENABLE_OBJC_WEAK = YES;
				CLANG_WARN_BLOCK_CAPTURE_AUTORELEASING = YES;
				CLANG_WARN_BOOL_CONVERSION = YES;
				CLANG_WARN_COMMA = YES;
				CLANG_WARN_CONSTANT_CONVERSION = YES;
				CLANG_WARN_DEPRECATED_OBJC_IMPLEMENTATIONS = YES;
				CLANG_WARN_DIRECT_OBJC_ISA_USAGE = YES_ERROR;
				CLANG_WARN_DOCUMENTATION_COMMENTS = YES;
				CLANG_WARN_EMPTY_BODY = YES;
				CLANG_WARN_ENUM_CONVERSION = YES;
				CLANG_WARN_INFINITE_RECURSION = YES;
				CLANG_WARN_INT_CONVERSION = YES;
				CLANG_WARN_NON_LITERAL_NULL_CONVERSION = YES;
				CLANG_WARN_OBJC_IMPLICIT_RETAIN_SELF = YES;
				CLANG_WARN_OBJC_LITERAL_CONVERSION = YES;
				CLANG_WARN_OBJC_ROOT_CLASS = YES_ERROR;
				CLANG_WARN_RANGE_LOOP_ANALYSIS = YES;
				CLANG_WARN_STRICT_PROTOTYPES = YES;
				CLANG_WARN_SUSPICIOUS_MOVE = YES;
				CLANG_WARN_UNGUARDED_AVAILABILITY = YES_AGGRESSIVE;
				CLANG_WARN_UNREACHABLE_CODE = YES;
				CLANG_WARN__DUPLICATE_METHOD_MATCH = YES;
				COPY_PHASE_STRIP = NO;
				DEBUG_INFORMATION_FORMAT = dwarf;
				ENABLE_STRICT_OBJC_MSGSEND = YES;
				ENABLE_TESTABILITY = YES;
				GCC_C_LANGUAGE_STANDARD = gnu11;
				GCC_DYNAMIC_NO_PIC = NO;
				GCC_NO_COMMON_BLOCKS = YES;
				GCC_OPTIMIZATION_LEVEL = 0;
				GCC_PREPROCESSOR_DEFINITIONS = (
					"DEBUG=1",
					"$(inherited)",
				);
				GCC_WARN_64_TO_32_BIT_CONVERSION = YES;
				GCC_WARN_ABOUT_RETURN_TYPE = YES_ERROR;
				GCC_WARN_UNDECLARED_SELECTOR = YES;
				GCC_WARN_UNINITIALIZED_AUTOS = YES_AGGRESSIVE;
				GCC_WARN_UNUSED_FUNCTION = YES;
				GCC_WARN_UNUSED_VARIABLE = YES;
				IPHONEOS_DEPLOYMENT_TARGET = 13.2;
				MTL_ENABLE_DEBUG_INFO = INCLUDE_SOURCE;
				MTL_FAST_MATH = YES;
				ONLY_ACTIVE_ARCH = YES;
				SDKROOT = iphoneos;
				SWIFT_ACTIVE_COMPILATION_CONDITIONS = DEBUG;
				SWIFT_OPTIMIZATION_LEVEL = "-Onone";
			};
			name = Debug;
		};
		85594F10242BF43B009A5141 /* Release */ = {
			isa = XCBuildConfiguration;
			buildSettings = {
				ALWAYS_SEARCH_USER_PATHS = NO;
				CLANG_ANALYZER_NONNULL = YES;
				CLANG_ANALYZER_NUMBER_OBJECT_CONVERSION = YES_AGGRESSIVE;
				CLANG_CXX_LANGUAGE_STANDARD = "gnu++14";
				CLANG_CXX_LIBRARY = "libc++";
				CLANG_ENABLE_MODULES = YES;
				CLANG_ENABLE_OBJC_ARC = YES;
				CLANG_ENABLE_OBJC_WEAK = YES;
				CLANG_WARN_BLOCK_CAPTURE_AUTORELEASING = YES;
				CLANG_WARN_BOOL_CONVERSION = YES;
				CLANG_WARN_COMMA = YES;
				CLANG_WARN_CONSTANT_CONVERSION = YES;
				CLANG_WARN_DEPRECATED_OBJC_IMPLEMENTATIONS = YES;
				CLANG_WARN_DIRECT_OBJC_ISA_USAGE = YES_ERROR;
				CLANG_WARN_DOCUMENTATION_COMMENTS = YES;
				CLANG_WARN_EMPTY_BODY = YES;
				CLANG_WARN_ENUM_CONVERSION = YES;
				CLANG_WARN_INFINITE_RECURSION = YES;
				CLANG_WARN_INT_CONVERSION = YES;
				CLANG_WARN_NON_LITERAL_NULL_CONVERSION = YES;
				CLANG_WARN_OBJC_IMPLICIT_RETAIN_SELF = YES;
				CLANG_WARN_OBJC_LITERAL_CONVERSION = YES;
				CLANG_WARN_OBJC_ROOT_CLASS = YES_ERROR;
				CLANG_WARN_RANGE_LOOP_ANALYSIS = YES;
				CLANG_WARN_STRICT_PROTOTYPES = YES;
				CLANG_WARN_SUSPICIOUS_MOVE = YES;
				CLANG_WARN_UNGUARDED_AVAILABILITY = YES_AGGRESSIVE;
				CLANG_WARN_UNREACHABLE_CODE = YES;
				CLANG_WARN__DUPLICATE_METHOD_MATCH = YES;
				COPY_PHASE_STRIP = NO;
				DEBUG_INFORMATION_FORMAT = "dwarf-with-dsym";
				ENABLE_NS_ASSERTIONS = NO;
				ENABLE_STRICT_OBJC_MSGSEND = YES;
				GCC_C_LANGUAGE_STANDARD = gnu11;
				GCC_NO_COMMON_BLOCKS = YES;
				GCC_WARN_64_TO_32_BIT_CONVERSION = YES;
				GCC_WARN_ABOUT_RETURN_TYPE = YES_ERROR;
				GCC_WARN_UNDECLARED_SELECTOR = YES;
				GCC_WARN_UNINITIALIZED_AUTOS = YES_AGGRESSIVE;
				GCC_WARN_UNUSED_FUNCTION = YES;
				GCC_WARN_UNUSED_VARIABLE = YES;
				IPHONEOS_DEPLOYMENT_TARGET = 13.2;
				MTL_ENABLE_DEBUG_INFO = NO;
				MTL_FAST_MATH = YES;
				SDKROOT = iphoneos;
				SWIFT_COMPILATION_MODE = wholemodule;
				SWIFT_OPTIMIZATION_LEVEL = "-O";
				VALIDATE_PRODUCT = YES;
			};
			name = Release;
		};
		85594F12242BF43B009A5141 /* Debug */ = {
			isa = XCBuildConfiguration;
			baseConfigurationReference = 49E453A8EF87BAC360D7EF02 /* Pods-WainNakel.debug.xcconfig */;
			buildSettings = {
				ASSETCATALOG_COMPILER_APPICON_NAME = AppIcon;
				CODE_SIGN_STYLE = Automatic;
				DEVELOPMENT_TEAM = ETH2M29NBU;
				INFOPLIST_FILE = WainNakel/Info.plist;
				IPHONEOS_DEPLOYMENT_TARGET = 10.3;
				LD_RUNPATH_SEARCH_PATHS = (
					"$(inherited)",
					"@executable_path/Frameworks",
				);
				PRODUCT_BUNDLE_IDENTIFIER = com.aqwas.WainNakel;
				PRODUCT_NAME = "$(TARGET_NAME)";
				SWIFT_VERSION = 5.0;
				TARGETED_DEVICE_FAMILY = "1,2";
			};
			name = Debug;
		};
		85594F13242BF43B009A5141 /* Release */ = {
			isa = XCBuildConfiguration;
			baseConfigurationReference = 5D6F09DA658D4E2C7189928A /* Pods-WainNakel.release.xcconfig */;
			buildSettings = {
				ASSETCATALOG_COMPILER_APPICON_NAME = AppIcon;
				CODE_SIGN_STYLE = Automatic;
				DEVELOPMENT_TEAM = ETH2M29NBU;
				INFOPLIST_FILE = WainNakel/Info.plist;
				IPHONEOS_DEPLOYMENT_TARGET = 10.3;
				LD_RUNPATH_SEARCH_PATHS = (
					"$(inherited)",
					"@executable_path/Frameworks",
				);
				PRODUCT_BUNDLE_IDENTIFIER = com.aqwas.WainNakel;
				PRODUCT_NAME = "$(TARGET_NAME)";
				SWIFT_VERSION = 5.0;
				TARGETED_DEVICE_FAMILY = "1,2";
			};
			name = Release;
		};
		85594F15242BF43B009A5141 /* Debug */ = {
			isa = XCBuildConfiguration;
			baseConfigurationReference = 255590A49A6179963294E692 /* Pods-WainNakelTests.debug.xcconfig */;
			buildSettings = {
				ALWAYS_EMBED_SWIFT_STANDARD_LIBRARIES = YES;
				BUNDLE_LOADER = "$(TEST_HOST)";
				CODE_SIGN_STYLE = Automatic;
				INFOPLIST_FILE = WainNakelTests/Info.plist;
				IPHONEOS_DEPLOYMENT_TARGET = 13.2;
				LD_RUNPATH_SEARCH_PATHS = (
					"$(inherited)",
					"@executable_path/Frameworks",
					"@loader_path/Frameworks",
				);
				PRODUCT_BUNDLE_IDENTIFIER = com.aqwas.WainNakelTests;
				PRODUCT_NAME = "$(TARGET_NAME)";
				SWIFT_VERSION = 5.0;
				TARGETED_DEVICE_FAMILY = "1,2";
				TEST_HOST = "$(BUILT_PRODUCTS_DIR)/WainNakel.app/WainNakel";
			};
			name = Debug;
		};
		85594F16242BF43B009A5141 /* Release */ = {
			isa = XCBuildConfiguration;
			baseConfigurationReference = 5FBF9B51A2B2277DC5F327C3 /* Pods-WainNakelTests.release.xcconfig */;
			buildSettings = {
				ALWAYS_EMBED_SWIFT_STANDARD_LIBRARIES = YES;
				BUNDLE_LOADER = "$(TEST_HOST)";
				CODE_SIGN_STYLE = Automatic;
				INFOPLIST_FILE = WainNakelTests/Info.plist;
				IPHONEOS_DEPLOYMENT_TARGET = 13.2;
				LD_RUNPATH_SEARCH_PATHS = (
					"$(inherited)",
					"@executable_path/Frameworks",
					"@loader_path/Frameworks",
				);
				PRODUCT_BUNDLE_IDENTIFIER = com.aqwas.WainNakelTests;
				PRODUCT_NAME = "$(TARGET_NAME)";
				SWIFT_VERSION = 5.0;
				TARGETED_DEVICE_FAMILY = "1,2";
				TEST_HOST = "$(BUILT_PRODUCTS_DIR)/WainNakel.app/WainNakel";
			};
			name = Release;
		};
		85594F18242BF43B009A5141 /* Debug */ = {
			isa = XCBuildConfiguration;
			baseConfigurationReference = 68F8E4F69DCBF85E067416B7 /* Pods-WainNakel-WainNakelUITests.debug.xcconfig */;
			buildSettings = {
				ALWAYS_EMBED_SWIFT_STANDARD_LIBRARIES = YES;
				CODE_SIGN_STYLE = Automatic;
				INFOPLIST_FILE = WainNakelUITests/Info.plist;
				LD_RUNPATH_SEARCH_PATHS = (
					"$(inherited)",
					"@executable_path/Frameworks",
					"@loader_path/Frameworks",
				);
				PRODUCT_BUNDLE_IDENTIFIER = com.aqwas.WainNakelUITests;
				PRODUCT_NAME = "$(TARGET_NAME)";
				SWIFT_VERSION = 5.0;
				TARGETED_DEVICE_FAMILY = "1,2";
				TEST_TARGET_NAME = WainNakel;
			};
			name = Debug;
		};
		85594F19242BF43B009A5141 /* Release */ = {
			isa = XCBuildConfiguration;
			baseConfigurationReference = 1CE8D4C690CB4FFC5BF3A147 /* Pods-WainNakel-WainNakelUITests.release.xcconfig */;
			buildSettings = {
				ALWAYS_EMBED_SWIFT_STANDARD_LIBRARIES = YES;
				CODE_SIGN_STYLE = Automatic;
				INFOPLIST_FILE = WainNakelUITests/Info.plist;
				LD_RUNPATH_SEARCH_PATHS = (
					"$(inherited)",
					"@executable_path/Frameworks",
					"@loader_path/Frameworks",
				);
				PRODUCT_BUNDLE_IDENTIFIER = com.aqwas.WainNakelUITests;
				PRODUCT_NAME = "$(TARGET_NAME)";
				SWIFT_VERSION = 5.0;
				TARGETED_DEVICE_FAMILY = "1,2";
				TEST_TARGET_NAME = WainNakel;
			};
			name = Release;
		};
/* End XCBuildConfiguration section */

/* Begin XCConfigurationList section */
		85594EE2242BF439009A5141 /* Build configuration list for PBXProject "WainNakel" */ = {
			isa = XCConfigurationList;
			buildConfigurations = (
				85594F0F242BF43B009A5141 /* Debug */,
				85594F10242BF43B009A5141 /* Release */,
			);
			defaultConfigurationIsVisible = 0;
			defaultConfigurationName = Release;
		};
		85594F11242BF43B009A5141 /* Build configuration list for PBXNativeTarget "WainNakel" */ = {
			isa = XCConfigurationList;
			buildConfigurations = (
				85594F12242BF43B009A5141 /* Debug */,
				85594F13242BF43B009A5141 /* Release */,
			);
			defaultConfigurationIsVisible = 0;
			defaultConfigurationName = Release;
		};
		85594F14242BF43B009A5141 /* Build configuration list for PBXNativeTarget "WainNakelTests" */ = {
			isa = XCConfigurationList;
			buildConfigurations = (
				85594F15242BF43B009A5141 /* Debug */,
				85594F16242BF43B009A5141 /* Release */,
			);
			defaultConfigurationIsVisible = 0;
			defaultConfigurationName = Release;
		};
		85594F17242BF43B009A5141 /* Build configuration list for PBXNativeTarget "WainNakelUITests" */ = {
			isa = XCConfigurationList;
			buildConfigurations = (
				85594F18242BF43B009A5141 /* Debug */,
				85594F19242BF43B009A5141 /* Release */,
			);
			defaultConfigurationIsVisible = 0;
			defaultConfigurationName = Release;
		};
/* End XCConfigurationList section */
	};
	rootObject = 85594EDF242BF439009A5141 /* Project object */;
}
